
Microsoft Visual Studio Solution File, Format Version 12.00
# Visual Studio Version 17
VisualStudioVersion = 17.12.35527.113
MinimumVisualStudioVersion = 10.0.40219.1
Project("{FAE04EC0-301F-11D3-BF4B-00C04F79EFBC}") = "Linq.Cmd", "Linq.Cmd\Linq.Cmd.csproj", "{79440A96-3169-4420-827D-31F6534231FC}"
EndProject
Project("{FAE04EC0-301F-11D3-BF4B-00C04F79EFBC}") = "Linq.Data", "Linq.Data\Linq.Data.csproj", "{9E4562CC-E925-4D29-B17E-1B4462FFF003}"
EndProject
Global
	GlobalSection(SolutionConfigurationPlatforms) = preSolution
		Debug|Any CPU = Debug|Any CPU
		Release|Any CPU = Release|Any CPU
	EndGlobalSection
	GlobalSection(ProjectConfigurationPlatforms) = postSolution
		{79440A96-3169-4420-827D-31F6534231FC}.Debug|Any CPU.ActiveCfg = Debug|Any CPU
		{79440A96-3169-4420-827D-31F6534231FC}.Debug|Any CPU.Build.0 = Debug|Any CPU
		{79440A96-3169-4420-827D-31F6534231FC}.Release|Any CPU.ActiveCfg = Release|Any CPU
		{79440A96-3169-4420-827D-31F6534231FC}.Release|Any CPU.Build.0 = Release|Any CPU
		{9E4562CC-E925-4D29-B17E-1B4462FFF003}.Debug|Any CPU.ActiveCfg = Debug|Any CPU
		{9E4562CC-E925-4D29-B17E-1B4462FFF003}.Debug|Any CPU.Build.0 = Debug|Any CPU
		{9E4562CC-E925-4D29-B17E-1B4462FFF003}.Release|Any CPU.ActiveCfg = Release|Any CPU
		{9E4562CC-E925-4D29-B17E-1B4462FFF003}.Release|Any CPU.Build.0 = Release|Any CPU
	EndGlobalSection
	GlobalSection(SolutionProperties) = preSolution
		HideSolutionNode = FALSE
	EndGlobalSection
EndGlobal
